// !$*UTF8*$!
{
	archiveVersion = 1;
	classes = {
	};
	objectVersion = 52;
	objects = {

/* Begin PBXBuildFile section */
		0F45F109284C8D40002B45F1 /* weathERApp.swift in Sources */ = {isa = PBXBuildFile; fileRef = 0F45F108284C8D40002B45F1 /* weathERApp.swift */; };
		0F45F10D284C8D41002B45F1 /* Assets.xcassets in Resources */ = {isa = PBXBuildFile; fileRef = 0F45F10C284C8D41002B45F1 /* Assets.xcassets */; };
		0F45F115284C8E2E002B45F1 /* ApiClientLive in Frameworks */ = {isa = PBXBuildFile; productRef = 0F45F114284C8E2E002B45F1 /* ApiClientLive */; };
		0F45F117284C8E2E002B45F1 /* AppFeature in Frameworks */ = {isa = PBXBuildFile; productRef = 0F45F116284C8E2E002B45F1 /* AppFeature */; };
		0F7A77BF261A1995005EA35A /* RegionalWeatherPreviewApp.swift in Sources */ = {isa = PBXBuildFile; fileRef = 0F7A77BE261A1995005EA35A /* RegionalWeatherPreviewApp.swift */; };
		0F7A77C3261A1998005EA35A /* Assets.xcassets in Resources */ = {isa = PBXBuildFile; fileRef = 0F7A77C2261A1998005EA35A /* Assets.xcassets */; };
		0F7A77D8261A19EE005EA35A /* RegionalWeatherFeature in Frameworks */ = {isa = PBXBuildFile; productRef = 0F7A77D7261A19EE005EA35A /* RegionalWeatherFeature */; };
		0F7A77FA261D80C9005EA35A /* ApiClientLive in Frameworks */ = {isa = PBXBuildFile; productRef = 0F7A77F9261D80C9005EA35A /* ApiClientLive */; };
		0FA4A323261E2DAD00CA39AA /* CountriesPreviewApp.swift in Sources */ = {isa = PBXBuildFile; fileRef = 0FA4A322261E2DAD00CA39AA /* CountriesPreviewApp.swift */; };
		0FA4A327261E2DB000CA39AA /* Assets.xcassets in Resources */ = {isa = PBXBuildFile; fileRef = 0FA4A326261E2DB000CA39AA /* Assets.xcassets */; };
		0FA4A335261E2DB900CA39AA /* CountriesFeature in Frameworks */ = {isa = PBXBuildFile; productRef = 0FA4A334261E2DB900CA39AA /* CountriesFeature */; };
		0FA4A34B261E2EA800CA39AA /* ApiClientLive in Frameworks */ = {isa = PBXBuildFile; productRef = 0FA4A34A261E2EA800CA39AA /* ApiClientLive */; };
/* End PBXBuildFile section */

/* Begin PBXFileReference section */
		0F1211D825EBDB0300E8A190 /* UINavigationController+Colors.swift */ = {isa = PBXFileReference; lastKnownFileType = sourcecode.swift; path = "UINavigationController+Colors.swift"; sourceTree = "<group>"; };
		0F45F0EF284B33CD002B45F1 /* weather */ = {isa = PBXFileReference; lastKnownFileType = wrapper; name = weather; path = ..; sourceTree = "<group>"; };
		0F45F106284C8D40002B45F1 /* weathER.app */ = {isa = PBXFileReference; explicitFileType = wrapper.application; includeInIndex = 0; path = weathER.app; sourceTree = BUILT_PRODUCTS_DIR; };
		0F45F108284C8D40002B45F1 /* weathERApp.swift */ = {isa = PBXFileReference; lastKnownFileType = sourcecode.swift; path = weathERApp.swift; sourceTree = "<group>"; };
		0F45F10C284C8D41002B45F1 /* Assets.xcassets */ = {isa = PBXFileReference; lastKnownFileType = folder.assetcatalog; path = Assets.xcassets; sourceTree = "<group>"; };
		0F7A77BC261A1995005EA35A /* RegionalWeatherPreview.app */ = {isa = PBXFileReference; explicitFileType = wrapper.application; includeInIndex = 0; path = RegionalWeatherPreview.app; sourceTree = BUILT_PRODUCTS_DIR; };
		0F7A77BE261A1995005EA35A /* RegionalWeatherPreviewApp.swift */ = {isa = PBXFileReference; lastKnownFileType = sourcecode.swift; path = RegionalWeatherPreviewApp.swift; sourceTree = "<group>"; };
		0F7A77C2261A1998005EA35A /* Assets.xcassets */ = {isa = PBXFileReference; lastKnownFileType = folder.assetcatalog; path = Assets.xcassets; sourceTree = "<group>"; };
		0F7A77C7261A1998005EA35A /* Info.plist */ = {isa = PBXFileReference; lastKnownFileType = text.plist.xml; path = Info.plist; sourceTree = "<group>"; };
		0FA4A320261E2DAD00CA39AA /* CountriesPreview.app */ = {isa = PBXFileReference; explicitFileType = wrapper.application; includeInIndex = 0; path = CountriesPreview.app; sourceTree = BUILT_PRODUCTS_DIR; };
		0FA4A322261E2DAD00CA39AA /* CountriesPreviewApp.swift */ = {isa = PBXFileReference; lastKnownFileType = sourcecode.swift; path = CountriesPreviewApp.swift; sourceTree = "<group>"; };
		0FA4A326261E2DB000CA39AA /* Assets.xcassets */ = {isa = PBXFileReference; lastKnownFileType = folder.assetcatalog; path = Assets.xcassets; sourceTree = "<group>"; };
		0FA4A32B261E2DB000CA39AA /* Info.plist */ = {isa = PBXFileReference; lastKnownFileType = text.plist.xml; path = Info.plist; sourceTree = "<group>"; };
		656B87BC25E83D5C002E04B4 /* en */ = {isa = PBXFileReference; lastKnownFileType = text.plist.strings; name = en; path = en.lproj/Localizable.strings; sourceTree = "<group>"; };
		656B87C125E83D60002E04B4 /* it */ = {isa = PBXFileReference; lastKnownFileType = text.plist.strings; name = it; path = it.lproj/Localizable.strings; sourceTree = "<group>"; };
/* End PBXFileReference section */

/* Begin PBXFrameworksBuildPhase section */
		0F45F103284C8D40002B45F1 /* Frameworks */ = {
			isa = PBXFrameworksBuildPhase;
			buildActionMask = 2147483647;
			files = (
				0F45F115284C8E2E002B45F1 /* ApiClientLive in Frameworks */,
				0F45F117284C8E2E002B45F1 /* AppFeature in Frameworks */,
			);
			runOnlyForDeploymentPostprocessing = 0;
		};
		0F7A77B9261A1995005EA35A /* Frameworks */ = {
			isa = PBXFrameworksBuildPhase;
			buildActionMask = 2147483647;
			files = (
				0F7A77FA261D80C9005EA35A /* ApiClientLive in Frameworks */,
				0F7A77D8261A19EE005EA35A /* RegionalWeatherFeature in Frameworks */,
			);
			runOnlyForDeploymentPostprocessing = 0;
		};
		0FA4A31D261E2DAD00CA39AA /* Frameworks */ = {
			isa = PBXFrameworksBuildPhase;
			buildActionMask = 2147483647;
			files = (
				0FA4A34B261E2EA800CA39AA /* ApiClientLive in Frameworks */,
				0FA4A335261E2DB900CA39AA /* CountriesFeature in Frameworks */,
			);
			runOnlyForDeploymentPostprocessing = 0;
		};
/* End PBXFrameworksBuildPhase section */

/* Begin PBXGroup section */
		0F1211DD25EBDB1A00E8A190 /* Extensions */ = {
			isa = PBXGroup;
			children = (
				0F1211D825EBDB0300E8A190 /* UINavigationController+Colors.swift */,
			);
			path = Extensions;
			sourceTree = "<group>";
		};
		0F2EFAD92611A36300B10D30 /* Frameworks */ = {
			isa = PBXGroup;
			children = (
			);
			name = Frameworks;
			sourceTree = "<group>";
		};
		0F45F107284C8D40002B45F1 /* iOS */ = {
			isa = PBXGroup;
			children = (
				0F1211DD25EBDB1A00E8A190 /* Extensions */,
				0F45F108284C8D40002B45F1 /* weathERApp.swift */,
				0F45F10C284C8D41002B45F1 /* Assets.xcassets */,
				656B87BD25E83D5C002E04B4 /* Localizable.strings */,
			);
			path = iOS;
			sourceTree = "<group>";
		};
		0F7A77B7261A18A7005EA35A /* Previews */ = {
			isa = PBXGroup;
			children = (
				0FA4A321261E2DAD00CA39AA /* CountriesPreview */,
				0F7A77BD261A1995005EA35A /* RegionalWeatherPreview */,
			);
			path = Previews;
			sourceTree = "<group>";
		};
		0F7A77BD261A1995005EA35A /* RegionalWeatherPreview */ = {
			isa = PBXGroup;
			children = (
				0F7A77BE261A1995005EA35A /* RegionalWeatherPreviewApp.swift */,
				0F7A77C2261A1998005EA35A /* Assets.xcassets */,
				0F7A77C7261A1998005EA35A /* Info.plist */,
			);
			path = RegionalWeatherPreview;
			sourceTree = "<group>";
		};
		0FA4A321261E2DAD00CA39AA /* CountriesPreview */ = {
			isa = PBXGroup;
			children = (
				0FA4A322261E2DAD00CA39AA /* CountriesPreviewApp.swift */,
				0FA4A326261E2DB000CA39AA /* Assets.xcassets */,
				0FA4A32B261E2DB000CA39AA /* Info.plist */,
			);
			path = CountriesPreview;
			sourceTree = "<group>";
		};
		6551BC4525E8018100FC4468 = {
			isa = PBXGroup;
			children = (
				0F45F0EF284B33CD002B45F1 /* weather */,
				0F7A77B7261A18A7005EA35A /* Previews */,
				0F45F107284C8D40002B45F1 /* iOS */,
				6551BC4F25E8018100FC4468 /* Products */,
				0F2EFAD92611A36300B10D30 /* Frameworks */,
			);
			sourceTree = "<group>";
		};
		6551BC4F25E8018100FC4468 /* Products */ = {
			isa = PBXGroup;
			children = (
				0F7A77BC261A1995005EA35A /* RegionalWeatherPreview.app */,
				0FA4A320261E2DAD00CA39AA /* CountriesPreview.app */,
				0F45F106284C8D40002B45F1 /* weathER.app */,
			);
			name = Products;
			sourceTree = "<group>";
		};
/* End PBXGroup section */

/* Begin PBXNativeTarget section */
		0F45F105284C8D40002B45F1 /* weathER (iOS) */ = {
			isa = PBXNativeTarget;
			buildConfigurationList = 0F45F111284C8D41002B45F1 /* Build configuration list for PBXNativeTarget "weathER (iOS)" */;
			buildPhases = (
				0F45F102284C8D40002B45F1 /* Sources */,
				0F45F103284C8D40002B45F1 /* Frameworks */,
				0F45F104284C8D40002B45F1 /* Resources */,
			);
			buildRules = (
			);
			dependencies = (
			);
			name = "weathER (iOS)";
			packageProductDependencies = (
				0F45F114284C8E2E002B45F1 /* ApiClientLive */,
				0F45F116284C8E2E002B45F1 /* AppFeature */,
			);
			productName = weathER;
			productReference = 0F45F106284C8D40002B45F1 /* weathER.app */;
			productType = "com.apple.product-type.application";
		};
		0F7A77BB261A1995005EA35A /* RegionalWeatherPreview */ = {
			isa = PBXNativeTarget;
			buildConfigurationList = 0F7A77C8261A1998005EA35A /* Build configuration list for PBXNativeTarget "RegionalWeatherPreview" */;
			buildPhases = (
				0F7A77B8261A1995005EA35A /* Sources */,
				0F7A77B9261A1995005EA35A /* Frameworks */,
				0F7A77BA261A1995005EA35A /* Resources */,
			);
			buildRules = (
			);
			dependencies = (
			);
			name = RegionalWeatherPreview;
			packageProductDependencies = (
				0F7A77D7261A19EE005EA35A /* RegionalWeatherFeature */,
				0F7A77F9261D80C9005EA35A /* ApiClientLive */,
			);
			productName = RegionalWeatherPreview;
			productReference = 0F7A77BC261A1995005EA35A /* RegionalWeatherPreview.app */;
			productType = "com.apple.product-type.application";
		};
		0FA4A31F261E2DAD00CA39AA /* CountriesPreview */ = {
			isa = PBXNativeTarget;
			buildConfigurationList = 0FA4A32E261E2DB000CA39AA /* Build configuration list for PBXNativeTarget "CountriesPreview" */;
			buildPhases = (
				0FA4A31C261E2DAD00CA39AA /* Sources */,
				0FA4A31D261E2DAD00CA39AA /* Frameworks */,
				0FA4A31E261E2DAD00CA39AA /* Resources */,
			);
			buildRules = (
			);
			dependencies = (
			);
			name = CountriesPreview;
			packageProductDependencies = (
				0FA4A334261E2DB900CA39AA /* CountriesFeature */,
				0FA4A34A261E2EA800CA39AA /* ApiClientLive */,
			);
			productName = CountriesPreview;
			productReference = 0FA4A320261E2DAD00CA39AA /* CountriesPreview.app */;
			productType = "com.apple.product-type.application";
		};
/* End PBXNativeTarget section */

/* Begin PBXProject section */
		6551BC4625E8018100FC4468 /* Project object */ = {
			isa = PBXProject;
			attributes = {
				LastSwiftUpdateCheck = 1340;
				LastUpgradeCheck = 1340;
				TargetAttributes = {
					0F45F105284C8D40002B45F1 = {
						CreatedOnToolsVersion = 13.4;
					};
					0F7A77BB261A1995005EA35A = {
						CreatedOnToolsVersion = 12.4;
					};
					0FA4A31F261E2DAD00CA39AA = {
						CreatedOnToolsVersion = 12.4;
					};
				};
			};
			buildConfigurationList = 6551BC4925E8018100FC4468 /* Build configuration list for PBXProject "weathER" */;
			compatibilityVersion = "Xcode 9.3";
			developmentRegion = en;
			hasScannedForEncodings = 0;
			knownRegions = (
				en,
				Base,
				it,
			);
			mainGroup = 6551BC4525E8018100FC4468;
			packageReferences = (
				6584A89125E8083700F03261 /* XCRemoteSwiftPackageReference "Alamofire" */,
			);
			productRefGroup = 6551BC4F25E8018100FC4468 /* Products */;
			projectDirPath = "";
			projectRoot = "";
			targets = (
				0F45F105284C8D40002B45F1 /* weathER (iOS) */,
				0F7A77BB261A1995005EA35A /* RegionalWeatherPreview */,
				0FA4A31F261E2DAD00CA39AA /* CountriesPreview */,
			);
		};
/* End PBXProject section */

/* Begin PBXResourcesBuildPhase section */
		0F45F104284C8D40002B45F1 /* Resources */ = {
			isa = PBXResourcesBuildPhase;
			buildActionMask = 2147483647;
			files = (
				0F45F10D284C8D41002B45F1 /* Assets.xcassets in Resources */,
			);
			runOnlyForDeploymentPostprocessing = 0;
		};
		0F7A77BA261A1995005EA35A /* Resources */ = {
			isa = PBXResourcesBuildPhase;
			buildActionMask = 2147483647;
			files = (
				0F7A77C3261A1998005EA35A /* Assets.xcassets in Resources */,
			);
			runOnlyForDeploymentPostprocessing = 0;
		};
		0FA4A31E261E2DAD00CA39AA /* Resources */ = {
			isa = PBXResourcesBuildPhase;
			buildActionMask = 2147483647;
			files = (
				0FA4A327261E2DB000CA39AA /* Assets.xcassets in Resources */,
			);
			runOnlyForDeploymentPostprocessing = 0;
		};
/* End PBXResourcesBuildPhase section */

/* Begin PBXSourcesBuildPhase section */
		0F45F102284C8D40002B45F1 /* Sources */ = {
			isa = PBXSourcesBuildPhase;
			buildActionMask = 2147483647;
			files = (
				0F45F109284C8D40002B45F1 /* weathERApp.swift in Sources */,
			);
			runOnlyForDeploymentPostprocessing = 0;
		};
		0F7A77B8261A1995005EA35A /* Sources */ = {
			isa = PBXSourcesBuildPhase;
			buildActionMask = 2147483647;
			files = (
				0F7A77BF261A1995005EA35A /* RegionalWeatherPreviewApp.swift in Sources */,
			);
			runOnlyForDeploymentPostprocessing = 0;
		};
		0FA4A31C261E2DAD00CA39AA /* Sources */ = {
			isa = PBXSourcesBuildPhase;
			buildActionMask = 2147483647;
			files = (
				0FA4A323261E2DAD00CA39AA /* CountriesPreviewApp.swift in Sources */,
			);
			runOnlyForDeploymentPostprocessing = 0;
		};
/* End PBXSourcesBuildPhase section */

/* Begin PBXVariantGroup section */
		656B87BD25E83D5C002E04B4 /* Localizable.strings */ = {
			isa = PBXVariantGroup;
			children = (
				656B87BC25E83D5C002E04B4 /* en */,
				656B87C125E83D60002E04B4 /* it */,
			);
			name = Localizable.strings;
			sourceTree = "<group>";
		};
/* End PBXVariantGroup section */

/* Begin XCBuildConfiguration section */
		0F45F112284C8D41002B45F1 /* Debug */ = {
			isa = XCBuildConfiguration;
			buildSettings = {
				ASSETCATALOG_COMPILER_APPICON_NAME = AppIcon;
				ASSETCATALOG_COMPILER_GLOBAL_ACCENT_COLOR_NAME = AccentColor;
				CLANG_CXX_LANGUAGE_STANDARD = "gnu++17";
				CODE_SIGN_STYLE = Automatic;
				CURRENT_PROJECT_VERSION = 1;
				ENABLE_PREVIEWS = YES;
				GENERATE_INFOPLIST_FILE = YES;
				INFOPLIST_KEY_UIApplicationSceneManifest_Generation = YES;
				INFOPLIST_KEY_UIApplicationSupportsIndirectInputEvents = YES;
				INFOPLIST_KEY_UILaunchScreen_Generation = YES;
				INFOPLIST_KEY_UISupportedInterfaceOrientations_iPad = "UIInterfaceOrientationPortrait UIInterfaceOrientationPortraitUpsideDown UIInterfaceOrientationLandscapeLeft UIInterfaceOrientationLandscapeRight";
				INFOPLIST_KEY_UISupportedInterfaceOrientations_iPhone = "UIInterfaceOrientationPortrait UIInterfaceOrientationLandscapeLeft UIInterfaceOrientationLandscapeRight";
				IPHONEOS_DEPLOYMENT_TARGET = 15.5;
				LD_RUNPATH_SEARCH_PATHS = (
					"$(inherited)",
					"@executable_path/Frameworks",
				);
				MARKETING_VERSION = 1.0;
				PRODUCT_BUNDLE_IDENTIFIER = it.anmartini.weathER;
				PRODUCT_NAME = weathER;
				SWIFT_EMIT_LOC_STRINGS = YES;
				SWIFT_VERSION = 5.0;
				TARGETED_DEVICE_FAMILY = "1,2";
			};
			name = Debug;
		};
		0F45F113284C8D41002B45F1 /* Release */ = {
			isa = XCBuildConfiguration;
			buildSettings = {
				ASSETCATALOG_COMPILER_APPICON_NAME = AppIcon;
				ASSETCATALOG_COMPILER_GLOBAL_ACCENT_COLOR_NAME = AccentColor;
				CLANG_CXX_LANGUAGE_STANDARD = "gnu++17";
				CODE_SIGN_STYLE = Automatic;
				CURRENT_PROJECT_VERSION = 1;
				ENABLE_PREVIEWS = YES;
				GENERATE_INFOPLIST_FILE = YES;
				INFOPLIST_KEY_UIApplicationSceneManifest_Generation = YES;
				INFOPLIST_KEY_UIApplicationSupportsIndirectInputEvents = YES;
				INFOPLIST_KEY_UILaunchScreen_Generation = YES;
				INFOPLIST_KEY_UISupportedInterfaceOrientations_iPad = "UIInterfaceOrientationPortrait UIInterfaceOrientationPortraitUpsideDown UIInterfaceOrientationLandscapeLeft UIInterfaceOrientationLandscapeRight";
				INFOPLIST_KEY_UISupportedInterfaceOrientations_iPhone = "UIInterfaceOrientationPortrait UIInterfaceOrientationLandscapeLeft UIInterfaceOrientationLandscapeRight";
				IPHONEOS_DEPLOYMENT_TARGET = 15.5;
				LD_RUNPATH_SEARCH_PATHS = (
					"$(inherited)",
					"@executable_path/Frameworks",
				);
				MARKETING_VERSION = 1.0;
				PRODUCT_BUNDLE_IDENTIFIER = it.anmartini.weathER;
				PRODUCT_NAME = weathER;
				SWIFT_EMIT_LOC_STRINGS = YES;
				SWIFT_VERSION = 5.0;
				TARGETED_DEVICE_FAMILY = "1,2";
			};
			name = Release;
		};
		0F7A77C9261A1998005EA35A /* Debug */ = {
			isa = XCBuildConfiguration;
			buildSettings = {
				ASSETCATALOG_COMPILER_APPICON_NAME = AppIcon;
				ASSETCATALOG_COMPILER_GLOBAL_ACCENT_COLOR_NAME = AccentColor;
				CODE_SIGN_STYLE = Automatic;
				ENABLE_PREVIEWS = YES;
				INFOPLIST_FILE = "$(SRCROOT)/Previews/RegionalWeatherPreview/Info.plist";
				IPHONEOS_DEPLOYMENT_TARGET = 15.0;
				LD_RUNPATH_SEARCH_PATHS = (
					"$(inherited)",
					"@executable_path/Frameworks",
				);
				PRODUCT_BUNDLE_IDENTIFIER = it.anmartini.weathER.RegionalWeatherPreview;
				PRODUCT_NAME = "$(TARGET_NAME)";
				SWIFT_VERSION = 5.0;
				TARGETED_DEVICE_FAMILY = "1,2";
			};
			name = Debug;
		};
		0F7A77CA261A1998005EA35A /* Release */ = {
			isa = XCBuildConfiguration;
			buildSettings = {
				ASSETCATALOG_COMPILER_APPICON_NAME = AppIcon;
				ASSETCATALOG_COMPILER_GLOBAL_ACCENT_COLOR_NAME = AccentColor;
				CODE_SIGN_STYLE = Automatic;
				ENABLE_PREVIEWS = YES;
				INFOPLIST_FILE = "$(SRCROOT)/Previews/RegionalWeatherPreview/Info.plist";
				IPHONEOS_DEPLOYMENT_TARGET = 15.0;
				LD_RUNPATH_SEARCH_PATHS = (
					"$(inherited)",
					"@executable_path/Frameworks",
				);
				PRODUCT_BUNDLE_IDENTIFIER = it.anmartini.weathER.RegionalWeatherPreview;
				PRODUCT_NAME = "$(TARGET_NAME)";
				SWIFT_VERSION = 5.0;
				TARGETED_DEVICE_FAMILY = "1,2";
			};
			name = Release;
		};
		0FA4A32C261E2DB000CA39AA /* Debug */ = {
			isa = XCBuildConfiguration;
			buildSettings = {
				ASSETCATALOG_COMPILER_APPICON_NAME = AppIcon;
				ASSETCATALOG_COMPILER_GLOBAL_ACCENT_COLOR_NAME = AccentColor;
				CODE_SIGN_STYLE = Automatic;
				ENABLE_PREVIEWS = YES;
				INFOPLIST_FILE = "$(SRCROOT)/Previews/CountriesPreview/Info.plist";
				IPHONEOS_DEPLOYMENT_TARGET = 15.0;
				LD_RUNPATH_SEARCH_PATHS = (
					"$(inherited)",
					"@executable_path/Frameworks",
				);
				PRODUCT_BUNDLE_IDENTIFIER = it.anmartini.weathER.CountriesPreview;
				PRODUCT_NAME = "$(TARGET_NAME)";
				SWIFT_VERSION = 5.0;
				TARGETED_DEVICE_FAMILY = "1,2";
			};
			name = Debug;
		};
		0FA4A32D261E2DB000CA39AA /* Release */ = {
			isa = XCBuildConfiguration;
			buildSettings = {
				ASSETCATALOG_COMPILER_APPICON_NAME = AppIcon;
				ASSETCATALOG_COMPILER_GLOBAL_ACCENT_COLOR_NAME = AccentColor;
				CODE_SIGN_STYLE = Automatic;
				ENABLE_PREVIEWS = YES;
				INFOPLIST_FILE = "$(SRCROOT)/Previews/CountriesPreview/Info.plist";
				IPHONEOS_DEPLOYMENT_TARGET = 15.0;
				LD_RUNPATH_SEARCH_PATHS = (
					"$(inherited)",
					"@executable_path/Frameworks",
				);
				PRODUCT_BUNDLE_IDENTIFIER = it.anmartini.weathER.CountriesPreview;
				PRODUCT_NAME = "$(TARGET_NAME)";
				SWIFT_VERSION = 5.0;
				TARGETED_DEVICE_FAMILY = "1,2";
			};
			name = Release;
		};
		6551BC7125E8018300FC4468 /* Debug */ = {
			isa = XCBuildConfiguration;
			buildSettings = {
				ALWAYS_SEARCH_USER_PATHS = NO;
				CLANG_ANALYZER_LOCALIZABILITY_NONLOCALIZED = YES;
				CLANG_ANALYZER_NONNULL = YES;
				CLANG_ANALYZER_NUMBER_OBJECT_CONVERSION = YES_AGGRESSIVE;
				CLANG_CXX_LANGUAGE_STANDARD = "gnu++14";
				CLANG_CXX_LIBRARY = "libc++";
				CLANG_ENABLE_MODULES = YES;
				CLANG_ENABLE_OBJC_ARC = YES;
				CLANG_ENABLE_OBJC_WEAK = YES;
				CLANG_WARN_BLOCK_CAPTURE_AUTORELEASING = YES;
				CLANG_WARN_BOOL_CONVERSION = YES;
				CLANG_WARN_COMMA = YES;
				CLANG_WARN_CONSTANT_CONVERSION = YES;
				CLANG_WARN_DEPRECATED_OBJC_IMPLEMENTATIONS = YES;
				CLANG_WARN_DIRECT_OBJC_ISA_USAGE = YES_ERROR;
				CLANG_WARN_DOCUMENTATION_COMMENTS = YES;
				CLANG_WARN_EMPTY_BODY = YES;
				CLANG_WARN_ENUM_CONVERSION = YES;
				CLANG_WARN_INFINITE_RECURSION = YES;
				CLANG_WARN_INT_CONVERSION = YES;
				CLANG_WARN_NON_LITERAL_NULL_CONVERSION = YES;
				CLANG_WARN_OBJC_IMPLICIT_RETAIN_SELF = YES;
				CLANG_WARN_OBJC_LITERAL_CONVERSION = YES;
				CLANG_WARN_OBJC_ROOT_CLASS = YES_ERROR;
				CLANG_WARN_QUOTED_INCLUDE_IN_FRAMEWORK_HEADER = YES;
				CLANG_WARN_RANGE_LOOP_ANALYSIS = YES;
				CLANG_WARN_STRICT_PROTOTYPES = YES;
				CLANG_WARN_SUSPICIOUS_MOVE = YES;
				CLANG_WARN_UNGUARDED_AVAILABILITY = YES_AGGRESSIVE;
				CLANG_WARN_UNREACHABLE_CODE = YES;
				CLANG_WARN__DUPLICATE_METHOD_MATCH = YES;
				COPY_PHASE_STRIP = NO;
				DEBUG_INFORMATION_FORMAT = dwarf;
				ENABLE_STRICT_OBJC_MSGSEND = YES;
				ENABLE_TESTABILITY = YES;
				GCC_C_LANGUAGE_STANDARD = gnu11;
				GCC_DYNAMIC_NO_PIC = NO;
				GCC_NO_COMMON_BLOCKS = YES;
				GCC_OPTIMIZATION_LEVEL = 0;
				GCC_PREPROCESSOR_DEFINITIONS = (
					"DEBUG=1",
					"$(inherited)",
				);
				GCC_WARN_64_TO_32_BIT_CONVERSION = YES;
				GCC_WARN_ABOUT_RETURN_TYPE = YES_ERROR;
				GCC_WARN_UNDECLARED_SELECTOR = YES;
				GCC_WARN_UNINITIALIZED_AUTOS = YES_AGGRESSIVE;
				GCC_WARN_UNUSED_FUNCTION = YES;
				GCC_WARN_UNUSED_VARIABLE = YES;
				IPHONEOS_DEPLOYMENT_TARGET = 15.0;
				MTL_ENABLE_DEBUG_INFO = INCLUDE_SOURCE;
				MTL_FAST_MATH = YES;
				ONLY_ACTIVE_ARCH = YES;
				SDKROOT = iphoneos;
				SWIFT_ACTIVE_COMPILATION_CONDITIONS = DEBUG;
				SWIFT_OPTIMIZATION_LEVEL = "-Onone";
			};
			name = Debug;
		};
		6551BC7225E8018300FC4468 /* Release */ = {
			isa = XCBuildConfiguration;
			buildSettings = {
				ALWAYS_SEARCH_USER_PATHS = NO;
				CLANG_ANALYZER_LOCALIZABILITY_NONLOCALIZED = YES;
				CLANG_ANALYZER_NONNULL = YES;
				CLANG_ANALYZER_NUMBER_OBJECT_CONVERSION = YES_AGGRESSIVE;
				CLANG_CXX_LANGUAGE_STANDARD = "gnu++14";
				CLANG_CXX_LIBRARY = "libc++";
				CLANG_ENABLE_MODULES = YES;
				CLANG_ENABLE_OBJC_ARC = YES;
				CLANG_ENABLE_OBJC_WEAK = YES;
				CLANG_WARN_BLOCK_CAPTURE_AUTORELEASING = YES;
				CLANG_WARN_BOOL_CONVERSION = YES;
				CLANG_WARN_COMMA = YES;
				CLANG_WARN_CONSTANT_CONVERSION = YES;
				CLANG_WARN_DEPRECATED_OBJC_IMPLEMENTATIONS = YES;
				CLANG_WARN_DIRECT_OBJC_ISA_USAGE = YES_ERROR;
				CLANG_WARN_DOCUMENTATION_COMMENTS = YES;
				CLANG_WARN_EMPTY_BODY = YES;
				CLANG_WARN_ENUM_CONVERSION = YES;
				CLANG_WARN_INFINITE_RECURSION = YES;
				CLANG_WARN_INT_CONVERSION = YES;
				CLANG_WARN_NON_LITERAL_NULL_CONVERSION = YES;
				CLANG_WARN_OBJC_IMPLICIT_RETAIN_SELF = YES;
				CLANG_WARN_OBJC_LITERAL_CONVERSION = YES;
				CLANG_WARN_OBJC_ROOT_CLASS = YES_ERROR;
				CLANG_WARN_QUOTED_INCLUDE_IN_FRAMEWORK_HEADER = YES;
				CLANG_WARN_RANGE_LOOP_ANALYSIS = YES;
				CLANG_WARN_STRICT_PROTOTYPES = YES;
				CLANG_WARN_SUSPICIOUS_MOVE = YES;
				CLANG_WARN_UNGUARDED_AVAILABILITY = YES_AGGRESSIVE;
				CLANG_WARN_UNREACHABLE_CODE = YES;
				CLANG_WARN__DUPLICATE_METHOD_MATCH = YES;
				COPY_PHASE_STRIP = NO;
				DEBUG_INFORMATION_FORMAT = "dwarf-with-dsym";
				ENABLE_NS_ASSERTIONS = NO;
				ENABLE_STRICT_OBJC_MSGSEND = YES;
				GCC_C_LANGUAGE_STANDARD = gnu11;
				GCC_NO_COMMON_BLOCKS = YES;
				GCC_WARN_64_TO_32_BIT_CONVERSION = YES;
				GCC_WARN_ABOUT_RETURN_TYPE = YES_ERROR;
				GCC_WARN_UNDECLARED_SELECTOR = YES;
				GCC_WARN_UNINITIALIZED_AUTOS = YES_AGGRESSIVE;
				GCC_WARN_UNUSED_FUNCTION = YES;
				GCC_WARN_UNUSED_VARIABLE = YES;
				IPHONEOS_DEPLOYMENT_TARGET = 15.0;
				MTL_ENABLE_DEBUG_INFO = NO;
				MTL_FAST_MATH = YES;
				SDKROOT = iphoneos;
				SWIFT_COMPILATION_MODE = wholemodule;
				SWIFT_OPTIMIZATION_LEVEL = "-O";
				VALIDATE_PRODUCT = YES;
			};
			name = Release;
		};
/* End XCBuildConfiguration section */

/* Begin XCConfigurationList section */
		0F45F111284C8D41002B45F1 /* Build configuration list for PBXNativeTarget "weathER (iOS)" */ = {
			isa = XCConfigurationList;
			buildConfigurations = (
				0F45F112284C8D41002B45F1 /* Debug */,
				0F45F113284C8D41002B45F1 /* Release */,
			);
			defaultConfigurationIsVisible = 0;
			defaultConfigurationName = Release;
		};
		0F7A77C8261A1998005EA35A /* Build configuration list for PBXNativeTarget "RegionalWeatherPreview" */ = {
			isa = XCConfigurationList;
			buildConfigurations = (
				0F7A77C9261A1998005EA35A /* Debug */,
				0F7A77CA261A1998005EA35A /* Release */,
			);
			defaultConfigurationIsVisible = 0;
			defaultConfigurationName = Release;
		};
		0FA4A32E261E2DB000CA39AA /* Build configuration list for PBXNativeTarget "CountriesPreview" */ = {
			isa = XCConfigurationList;
			buildConfigurations = (
				0FA4A32C261E2DB000CA39AA /* Debug */,
				0FA4A32D261E2DB000CA39AA /* Release */,
			);
			defaultConfigurationIsVisible = 0;
			defaultConfigurationName = Release;
		};
		6551BC4925E8018100FC4468 /* Build configuration list for PBXProject "weathER" */ = {
			isa = XCConfigurationList;
			buildConfigurations = (
				6551BC7125E8018300FC4468 /* Debug */,
				6551BC7225E8018300FC4468 /* Release */,
			);
			defaultConfigurationIsVisible = 0;
			defaultConfigurationName = Release;
		};
/* End XCConfigurationList section */

/* Begin XCRemoteSwiftPackageReference section */
		6584A89125E8083700F03261 /* XCRemoteSwiftPackageReference "Alamofire" */ = {
			isa = XCRemoteSwiftPackageReference;
			repositoryURL = "https://github.com/Alamofire/Alamofire.git";
			requirement = {
				kind = upToNextMajorVersion;
				minimumVersion = 5.4.1;
			};
		};
/* End XCRemoteSwiftPackageReference section */

/* Begin XCSwiftPackageProductDependency section */
		0F45F114284C8E2E002B45F1 /* ApiClientLive */ = {
			isa = XCSwiftPackageProductDependency;
			productName = ApiClientLive;
		};
		0F45F116284C8E2E002B45F1 /* AppFeature */ = {
			isa = XCSwiftPackageProductDependency;
			productName = AppFeature;
		};
		0F7A77D7261A19EE005EA35A /* RegionalWeatherFeature */ = {
			isa = XCSwiftPackageProductDependency;
			productName = RegionalWeatherFeature;
		};
		0F7A77F9261D80C9005EA35A /* ApiClientLive */ = {
			isa = XCSwiftPackageProductDependency;
			productName = ApiClientLive;
		};
		0FA4A334261E2DB900CA39AA /* CountriesFeature */ = {
			isa = XCSwiftPackageProductDependency;
			productName = CountriesFeature;
		};
		0FA4A34A261E2EA800CA39AA /* ApiClientLive */ = {
			isa = XCSwiftPackageProductDependency;
			productName = ApiClientLive;
		};
/* End XCSwiftPackageProductDependency section */
	};
	rootObject = 6551BC4625E8018100FC4468 /* Project object */;
}
