// !$*UTF8*$!
{
	archiveVersion = 1;
	classes = {
	};
	objectVersion = 52;
	objects = {

/* Begin PBXBuildFile section */
		0F1211B225EBB8F900E8A190 /* WeatherService.swift in Sources */ = {isa = PBXBuildFile; fileRef = 0F1211B125EBB8F900E8A190 /* WeatherService.swift */; };
		0F1211B725EBB95900E8A190 /* RegionalDailyRequest.swift in Sources */ = {isa = PBXBuildFile; fileRef = 0F1211B625EBB95900E8A190 /* RegionalDailyRequest.swift */; };
		0F1211BF25EBB9A800E8A190 /* Environment.swift in Sources */ = {isa = PBXBuildFile; fileRef = 0F1211BE25EBB9A800E8A190 /* Environment.swift */; };
		0F1211C725EBBA1300E8A190 /* BaseRequest.swift in Sources */ = {isa = PBXBuildFile; fileRef = 0F1211C625EBBA1300E8A190 /* BaseRequest.swift */; };
		0F1211CF25EBD00A00E8A190 /* RegionalViewModel.swift in Sources */ = {isa = PBXBuildFile; fileRef = 0F1211CE25EBD00A00E8A190 /* RegionalViewModel.swift */; };
		0F1211D425EBD94200E8A190 /* RegionalView.swift in Sources */ = {isa = PBXBuildFile; fileRef = 0F1211D325EBD94200E8A190 /* RegionalView.swift */; };
		0F1211D925EBDB0300E8A190 /* UINavigationController+Colors.swift in Sources */ = {isa = PBXBuildFile; fileRef = 0F1211D825EBDB0300E8A190 /* UINavigationController+Colors.swift */; };
		6551BC5225E8018100FC4468 /* weathERApp.swift in Sources */ = {isa = PBXBuildFile; fileRef = 6551BC5125E8018100FC4468 /* weathERApp.swift */; };
		6551BC5425E8018100FC4468 /* ContentView.swift in Sources */ = {isa = PBXBuildFile; fileRef = 6551BC5325E8018100FC4468 /* ContentView.swift */; };
		6551BC5625E8018200FC4468 /* Assets.xcassets in Resources */ = {isa = PBXBuildFile; fileRef = 6551BC5525E8018200FC4468 /* Assets.xcassets */; };
		6551BC5925E8018200FC4468 /* Preview Assets.xcassets in Resources */ = {isa = PBXBuildFile; fileRef = 6551BC5825E8018200FC4468 /* Preview Assets.xcassets */; };
		6551BC6425E8018300FC4468 /* weathERTests.swift in Sources */ = {isa = PBXBuildFile; fileRef = 6551BC6325E8018300FC4468 /* weathERTests.swift */; };
		6551BC6F25E8018300FC4468 /* weathERUITests.swift in Sources */ = {isa = PBXBuildFile; fileRef = 6551BC6E25E8018300FC4468 /* weathERUITests.swift */; };
		656B87BB25E83D5C002E04B4 /* Localizable.strings in Resources */ = {isa = PBXBuildFile; fileRef = 656B87BD25E83D5C002E04B4 /* Localizable.strings */; };
		6584A89325E8083700F03261 /* Alamofire in Frameworks */ = {isa = PBXBuildFile; productRef = 6584A89225E8083700F03261 /* Alamofire */; };
		6584A8A625E80A9100F03261 /* Forecast.swift in Sources */ = {isa = PBXBuildFile; fileRef = 6584A8A325E80A9100F03261 /* Forecast.swift */; };
		6584A8A825E80A9100F03261 /* RegionalDay.swift in Sources */ = {isa = PBXBuildFile; fileRef = 6584A8A525E80A9100F03261 /* RegionalDay.swift */; };
		6584A8AD25E8207E00F03261 /* RegionalDayView.swift in Sources */ = {isa = PBXBuildFile; fileRef = 6584A8AC25E8207E00F03261 /* RegionalDayView.swift */; };
		659ED11025EC261400D38BA6 /* String+CapitalizedFirstLetter.swift in Sources */ = {isa = PBXBuildFile; fileRef = 659ED10F25EC261400D38BA6 /* String+CapitalizedFirstLetter.swift */; };
		659ED12625EC57AB00D38BA6 /* CountryDailyRequest.swift in Sources */ = {isa = PBXBuildFile; fileRef = 659ED12525EC57AB00D38BA6 /* CountryDailyRequest.swift */; };
		659ED12B25EC58AD00D38BA6 /* CountryDay.swift in Sources */ = {isa = PBXBuildFile; fileRef = 659ED12A25EC58AD00D38BA6 /* CountryDay.swift */; };
		659ED13625EC5B8800D38BA6 /* CountryViewModel.swift in Sources */ = {isa = PBXBuildFile; fileRef = 659ED13525EC5B8800D38BA6 /* CountryViewModel.swift */; };
		659ED13B25EC5BC900D38BA6 /* CountryView.swift in Sources */ = {isa = PBXBuildFile; fileRef = 659ED13A25EC5BC900D38BA6 /* CountryView.swift */; };
		659ED14025EC5C1F00D38BA6 /* CountryDayView.swift in Sources */ = {isa = PBXBuildFile; fileRef = 659ED13F25EC5C1F00D38BA6 /* CountryDayView.swift */; };
		659ED14825EC5E0E00D38BA6 /* String+HTMLStripped.swift in Sources */ = {isa = PBXBuildFile; fileRef = 659ED14725EC5E0E00D38BA6 /* String+HTMLStripped.swift */; };
		65BAF05325ED6CD80062FD92 /* FakeHtmlView.swift in Sources */ = {isa = PBXBuildFile; fileRef = 65BAF05225ED6CD80062FD92 /* FakeHtmlView.swift */; };
		65BAF05B25ED746B0062FD92 /* Zone.swift in Sources */ = {isa = PBXBuildFile; fileRef = 65BAF05A25ED746B0062FD92 /* Zone.swift */; };
		65D17CDC25ED4C0000160E39 /* CountriesRequest.swift in Sources */ = {isa = PBXBuildFile; fileRef = 65D17CDB25ED4C0000160E39 /* CountriesRequest.swift */; };
		65D17CE125ED4CAA00160E39 /* Country.swift in Sources */ = {isa = PBXBuildFile; fileRef = 65D17CE025ED4CAA00160E39 /* Country.swift */; };
		65D17CE625ED4CF700160E39 /* CountriesView.swift in Sources */ = {isa = PBXBuildFile; fileRef = 65D17CE525ED4CF700160E39 /* CountriesView.swift */; };
		65D17CEB25ED4D4200160E39 /* CountriesViewModel.swift in Sources */ = {isa = PBXBuildFile; fileRef = 65D17CEA25ED4D4200160E39 /* CountriesViewModel.swift */; };
		65D17CF025ED4D9200160E39 /* UtilsService.swift in Sources */ = {isa = PBXBuildFile; fileRef = 65D17CEF25ED4D9200160E39 /* UtilsService.swift */; };
/* End PBXBuildFile section */

/* Begin PBXContainerItemProxy section */
		6551BC6025E8018300FC4468 /* PBXContainerItemProxy */ = {
			isa = PBXContainerItemProxy;
			containerPortal = 6551BC4625E8018100FC4468 /* Project object */;
			proxyType = 1;
			remoteGlobalIDString = 6551BC4D25E8018100FC4468;
			remoteInfo = weathER;
		};
		6551BC6B25E8018300FC4468 /* PBXContainerItemProxy */ = {
			isa = PBXContainerItemProxy;
			containerPortal = 6551BC4625E8018100FC4468 /* Project object */;
			proxyType = 1;
			remoteGlobalIDString = 6551BC4D25E8018100FC4468;
			remoteInfo = weathER;
		};
/* End PBXContainerItemProxy section */

/* Begin PBXFileReference section */
		0F1211B125EBB8F900E8A190 /* WeatherService.swift */ = {isa = PBXFileReference; lastKnownFileType = sourcecode.swift; path = WeatherService.swift; sourceTree = "<group>"; };
		0F1211B625EBB95900E8A190 /* RegionalDailyRequest.swift */ = {isa = PBXFileReference; lastKnownFileType = sourcecode.swift; path = RegionalDailyRequest.swift; sourceTree = "<group>"; };
		0F1211BE25EBB9A800E8A190 /* Environment.swift */ = {isa = PBXFileReference; lastKnownFileType = sourcecode.swift; path = Environment.swift; sourceTree = "<group>"; };
		0F1211C625EBBA1300E8A190 /* BaseRequest.swift */ = {isa = PBXFileReference; lastKnownFileType = sourcecode.swift; path = BaseRequest.swift; sourceTree = "<group>"; };
		0F1211CE25EBD00A00E8A190 /* RegionalViewModel.swift */ = {isa = PBXFileReference; lastKnownFileType = sourcecode.swift; path = RegionalViewModel.swift; sourceTree = "<group>"; };
		0F1211D325EBD94200E8A190 /* RegionalView.swift */ = {isa = PBXFileReference; lastKnownFileType = sourcecode.swift; path = RegionalView.swift; sourceTree = "<group>"; };
		0F1211D825EBDB0300E8A190 /* UINavigationController+Colors.swift */ = {isa = PBXFileReference; lastKnownFileType = sourcecode.swift; path = "UINavigationController+Colors.swift"; sourceTree = "<group>"; };
		6551BC4E25E8018100FC4468 /* weathER.app */ = {isa = PBXFileReference; explicitFileType = wrapper.application; includeInIndex = 0; path = weathER.app; sourceTree = BUILT_PRODUCTS_DIR; };
		6551BC5125E8018100FC4468 /* weathERApp.swift */ = {isa = PBXFileReference; lastKnownFileType = sourcecode.swift; path = weathERApp.swift; sourceTree = "<group>"; };
		6551BC5325E8018100FC4468 /* ContentView.swift */ = {isa = PBXFileReference; lastKnownFileType = sourcecode.swift; path = ContentView.swift; sourceTree = "<group>"; };
		6551BC5525E8018200FC4468 /* Assets.xcassets */ = {isa = PBXFileReference; lastKnownFileType = folder.assetcatalog; path = Assets.xcassets; sourceTree = "<group>"; };
		6551BC5825E8018200FC4468 /* Preview Assets.xcassets */ = {isa = PBXFileReference; lastKnownFileType = folder.assetcatalog; path = "Preview Assets.xcassets"; sourceTree = "<group>"; };
		6551BC5A25E8018200FC4468 /* Info.plist */ = {isa = PBXFileReference; lastKnownFileType = text.plist.xml; path = Info.plist; sourceTree = "<group>"; };
		6551BC5F25E8018300FC4468 /* weathERTests.xctest */ = {isa = PBXFileReference; explicitFileType = wrapper.cfbundle; includeInIndex = 0; path = weathERTests.xctest; sourceTree = BUILT_PRODUCTS_DIR; };
		6551BC6325E8018300FC4468 /* weathERTests.swift */ = {isa = PBXFileReference; lastKnownFileType = sourcecode.swift; path = weathERTests.swift; sourceTree = "<group>"; };
		6551BC6525E8018300FC4468 /* Info.plist */ = {isa = PBXFileReference; lastKnownFileType = text.plist.xml; path = Info.plist; sourceTree = "<group>"; };
		6551BC6A25E8018300FC4468 /* weathERUITests.xctest */ = {isa = PBXFileReference; explicitFileType = wrapper.cfbundle; includeInIndex = 0; path = weathERUITests.xctest; sourceTree = BUILT_PRODUCTS_DIR; };
		6551BC6E25E8018300FC4468 /* weathERUITests.swift */ = {isa = PBXFileReference; lastKnownFileType = sourcecode.swift; path = weathERUITests.swift; sourceTree = "<group>"; };
		6551BC7025E8018300FC4468 /* Info.plist */ = {isa = PBXFileReference; lastKnownFileType = text.plist.xml; path = Info.plist; sourceTree = "<group>"; };
		656B87BC25E83D5C002E04B4 /* en */ = {isa = PBXFileReference; lastKnownFileType = text.plist.strings; name = en; path = en.lproj/Localizable.strings; sourceTree = "<group>"; };
		656B87C125E83D60002E04B4 /* it */ = {isa = PBXFileReference; lastKnownFileType = text.plist.strings; name = it; path = it.lproj/Localizable.strings; sourceTree = "<group>"; };
		6584A8A325E80A9100F03261 /* Forecast.swift */ = {isa = PBXFileReference; fileEncoding = 4; lastKnownFileType = sourcecode.swift; path = Forecast.swift; sourceTree = "<group>"; };
		6584A8A525E80A9100F03261 /* RegionalDay.swift */ = {isa = PBXFileReference; fileEncoding = 4; lastKnownFileType = sourcecode.swift; path = RegionalDay.swift; sourceTree = "<group>"; };
		6584A8AC25E8207E00F03261 /* RegionalDayView.swift */ = {isa = PBXFileReference; lastKnownFileType = sourcecode.swift; path = RegionalDayView.swift; sourceTree = "<group>"; };
		659ED10F25EC261400D38BA6 /* String+CapitalizedFirstLetter.swift */ = {isa = PBXFileReference; lastKnownFileType = sourcecode.swift; path = "String+CapitalizedFirstLetter.swift"; sourceTree = "<group>"; };
		659ED12525EC57AB00D38BA6 /* CountryDailyRequest.swift */ = {isa = PBXFileReference; lastKnownFileType = sourcecode.swift; path = CountryDailyRequest.swift; sourceTree = "<group>"; };
		659ED12A25EC58AD00D38BA6 /* CountryDay.swift */ = {isa = PBXFileReference; lastKnownFileType = sourcecode.swift; path = CountryDay.swift; sourceTree = "<group>"; };
		659ED13525EC5B8800D38BA6 /* CountryViewModel.swift */ = {isa = PBXFileReference; lastKnownFileType = sourcecode.swift; path = CountryViewModel.swift; sourceTree = "<group>"; };
		659ED13A25EC5BC900D38BA6 /* CountryView.swift */ = {isa = PBXFileReference; lastKnownFileType = sourcecode.swift; path = CountryView.swift; sourceTree = "<group>"; };
		659ED13F25EC5C1F00D38BA6 /* CountryDayView.swift */ = {isa = PBXFileReference; lastKnownFileType = sourcecode.swift; path = CountryDayView.swift; sourceTree = "<group>"; };
		659ED14725EC5E0E00D38BA6 /* String+HTMLStripped.swift */ = {isa = PBXFileReference; lastKnownFileType = sourcecode.swift; path = "String+HTMLStripped.swift"; sourceTree = "<group>"; };
		65BAF05225ED6CD80062FD92 /* FakeHtmlView.swift */ = {isa = PBXFileReference; lastKnownFileType = sourcecode.swift; path = FakeHtmlView.swift; sourceTree = "<group>"; };
		65BAF05A25ED746B0062FD92 /* Zone.swift */ = {isa = PBXFileReference; lastKnownFileType = sourcecode.swift; path = Zone.swift; sourceTree = "<group>"; };
		65D17CDB25ED4C0000160E39 /* CountriesRequest.swift */ = {isa = PBXFileReference; lastKnownFileType = sourcecode.swift; path = CountriesRequest.swift; sourceTree = "<group>"; };
		65D17CE025ED4CAA00160E39 /* Country.swift */ = {isa = PBXFileReference; lastKnownFileType = sourcecode.swift; path = Country.swift; sourceTree = "<group>"; };
		65D17CE525ED4CF700160E39 /* CountriesView.swift */ = {isa = PBXFileReference; lastKnownFileType = sourcecode.swift; path = CountriesView.swift; sourceTree = "<group>"; };
		65D17CEA25ED4D4200160E39 /* CountriesViewModel.swift */ = {isa = PBXFileReference; lastKnownFileType = sourcecode.swift; path = CountriesViewModel.swift; sourceTree = "<group>"; };
		65D17CEF25ED4D9200160E39 /* UtilsService.swift */ = {isa = PBXFileReference; lastKnownFileType = sourcecode.swift; path = UtilsService.swift; sourceTree = "<group>"; };
/* End PBXFileReference section */

/* Begin PBXFrameworksBuildPhase section */
		6551BC4B25E8018100FC4468 /* Frameworks */ = {
			isa = PBXFrameworksBuildPhase;
			buildActionMask = 2147483647;
			files = (
				6584A89325E8083700F03261 /* Alamofire in Frameworks */,
			);
			runOnlyForDeploymentPostprocessing = 0;
		};
		6551BC5C25E8018300FC4468 /* Frameworks */ = {
			isa = PBXFrameworksBuildPhase;
			buildActionMask = 2147483647;
			files = (
			);
			runOnlyForDeploymentPostprocessing = 0;
		};
		6551BC6725E8018300FC4468 /* Frameworks */ = {
			isa = PBXFrameworksBuildPhase;
			buildActionMask = 2147483647;
			files = (
			);
			runOnlyForDeploymentPostprocessing = 0;
		};
/* End PBXFrameworksBuildPhase section */

/* Begin PBXGroup section */
		0F1211A025EBB7E200E8A190 /* App */ = {
			isa = PBXGroup;
			children = (
				6551BC5125E8018100FC4468 /* weathERApp.swift */,
				6551BC5325E8018100FC4468 /* ContentView.swift */,
			);
			path = App;
			sourceTree = "<group>";
		};
		0F1211A125EBB7E700E8A190 /* SupportingFiles */ = {
			isa = PBXGroup;
			children = (
				6551BC5A25E8018200FC4468 /* Info.plist */,
			);
			path = SupportingFiles;
			sourceTree = "<group>";
		};
		0F1211A225EBB7F200E8A190 /* Resources */ = {
			isa = PBXGroup;
			children = (
				6551BC5525E8018200FC4468 /* Assets.xcassets */,
				656B87BD25E83D5C002E04B4 /* Localizable.strings */,
			);
			path = Resources;
			sourceTree = "<group>";
		};
		0F1211A925EBB86400E8A190 /* Views */ = {
			isa = PBXGroup;
			children = (
				6584A8AC25E8207E00F03261 /* RegionalDayView.swift */,
				659ED13F25EC5C1F00D38BA6 /* CountryDayView.swift */,
				0F1211D325EBD94200E8A190 /* RegionalView.swift */,
				65BAF05225ED6CD80062FD92 /* FakeHtmlView.swift */,
				659ED13A25EC5BC900D38BA6 /* CountryView.swift */,
				65D17CE525ED4CF700160E39 /* CountriesView.swift */,
			);
			path = Views;
			sourceTree = "<group>";
		};
		0F1211AA25EBB86B00E8A190 /* Models */ = {
			isa = PBXGroup;
			children = (
				6584A8A325E80A9100F03261 /* Forecast.swift */,
				65D17CE025ED4CAA00160E39 /* Country.swift */,
				65BAF05A25ED746B0062FD92 /* Zone.swift */,
				6584A8A525E80A9100F03261 /* RegionalDay.swift */,
				659ED12A25EC58AD00D38BA6 /* CountryDay.swift */,
			);
			path = Models;
			sourceTree = "<group>";
		};
		0F1211AB25EBB87500E8A190 /* ViewModels */ = {
			isa = PBXGroup;
			children = (
				0F1211CE25EBD00A00E8A190 /* RegionalViewModel.swift */,
				659ED13525EC5B8800D38BA6 /* CountryViewModel.swift */,
				65D17CEA25ED4D4200160E39 /* CountriesViewModel.swift */,
			);
			path = ViewModels;
			sourceTree = "<group>";
		};
		0F1211AF25EBB8E100E8A190 /* Services */ = {
			isa = PBXGroup;
			children = (
				0F1211B125EBB8F900E8A190 /* WeatherService.swift */,
				65D17CEF25ED4D9200160E39 /* UtilsService.swift */,
			);
			path = Services;
			sourceTree = "<group>";
		};
		0F1211B025EBB8EB00E8A190 /* Networking */ = {
			isa = PBXGroup;
			children = (
				0F1211BD25EBB99400E8A190 /* Model */,
				0F1211C625EBBA1300E8A190 /* BaseRequest.swift */,
				0F1211B625EBB95900E8A190 /* RegionalDailyRequest.swift */,
				65D17CDB25ED4C0000160E39 /* CountriesRequest.swift */,
				659ED12525EC57AB00D38BA6 /* CountryDailyRequest.swift */,
			);
			path = Networking;
			sourceTree = "<group>";
		};
		0F1211BD25EBB99400E8A190 /* Model */ = {
			isa = PBXGroup;
			children = (
				0F1211BE25EBB9A800E8A190 /* Environment.swift */,
			);
			path = Model;
			sourceTree = "<group>";
		};
		0F1211DD25EBDB1A00E8A190 /* Extensions */ = {
			isa = PBXGroup;
			children = (
				0F1211D825EBDB0300E8A190 /* UINavigationController+Colors.swift */,
				659ED10F25EC261400D38BA6 /* String+CapitalizedFirstLetter.swift */,
				659ED14725EC5E0E00D38BA6 /* String+HTMLStripped.swift */,
			);
			path = Extensions;
			sourceTree = "<group>";
		};
		6551BC4525E8018100FC4468 = {
			isa = PBXGroup;
			children = (
				6551BC5025E8018100FC4468 /* weathER */,
				6551BC6225E8018300FC4468 /* weathERTests */,
				6551BC6D25E8018300FC4468 /* weathERUITests */,
				6551BC4F25E8018100FC4468 /* Products */,
			);
			sourceTree = "<group>";
		};
		6551BC4F25E8018100FC4468 /* Products */ = {
			isa = PBXGroup;
			children = (
				6551BC4E25E8018100FC4468 /* weathER.app */,
				6551BC5F25E8018300FC4468 /* weathERTests.xctest */,
				6551BC6A25E8018300FC4468 /* weathERUITests.xctest */,
			);
			name = Products;
			sourceTree = "<group>";
		};
		6551BC5025E8018100FC4468 /* weathER */ = {
			isa = PBXGroup;
			children = (
				0F1211DD25EBDB1A00E8A190 /* Extensions */,
				0F1211AF25EBB8E100E8A190 /* Services */,
				0F1211B025EBB8EB00E8A190 /* Networking */,
				0F1211A025EBB7E200E8A190 /* App */,
				0F1211AA25EBB86B00E8A190 /* Models */,
				0F1211AB25EBB87500E8A190 /* ViewModels */,
				0F1211A925EBB86400E8A190 /* Views */,
				0F1211A225EBB7F200E8A190 /* Resources */,
				0F1211A125EBB7E700E8A190 /* SupportingFiles */,
				6551BC5725E8018200FC4468 /* Preview Content */,
			);
			path = weathER;
			sourceTree = "<group>";
		};
		6551BC5725E8018200FC4468 /* Preview Content */ = {
			isa = PBXGroup;
			children = (
				6551BC5825E8018200FC4468 /* Preview Assets.xcassets */,
			);
			path = "Preview Content";
			sourceTree = "<group>";
		};
		6551BC6225E8018300FC4468 /* weathERTests */ = {
			isa = PBXGroup;
			children = (
				6551BC6325E8018300FC4468 /* weathERTests.swift */,
				6551BC6525E8018300FC4468 /* Info.plist */,
			);
			path = weathERTests;
			sourceTree = "<group>";
		};
		6551BC6D25E8018300FC4468 /* weathERUITests */ = {
			isa = PBXGroup;
			children = (
				6551BC6E25E8018300FC4468 /* weathERUITests.swift */,
				6551BC7025E8018300FC4468 /* Info.plist */,
			);
			path = weathERUITests;
			sourceTree = "<group>";
		};
/* End PBXGroup section */

/* Begin PBXNativeTarget section */
		6551BC4D25E8018100FC4468 /* weathER */ = {
			isa = PBXNativeTarget;
			buildConfigurationList = 6551BC7325E8018300FC4468 /* Build configuration list for PBXNativeTarget "weathER" */;
			buildPhases = (
				6551BC4A25E8018100FC4468 /* Sources */,
				6551BC4B25E8018100FC4468 /* Frameworks */,
				6551BC4C25E8018100FC4468 /* Resources */,
			);
			buildRules = (
			);
			dependencies = (
			);
			name = weathER;
			packageProductDependencies = (
				6584A89225E8083700F03261 /* Alamofire */,
			);
			productName = weathER;
			productReference = 6551BC4E25E8018100FC4468 /* weathER.app */;
			productType = "com.apple.product-type.application";
		};
		6551BC5E25E8018300FC4468 /* weathERTests */ = {
			isa = PBXNativeTarget;
			buildConfigurationList = 6551BC7625E8018300FC4468 /* Build configuration list for PBXNativeTarget "weathERTests" */;
			buildPhases = (
				6551BC5B25E8018300FC4468 /* Sources */,
				6551BC5C25E8018300FC4468 /* Frameworks */,
				6551BC5D25E8018300FC4468 /* Resources */,
			);
			buildRules = (
			);
			dependencies = (
				6551BC6125E8018300FC4468 /* PBXTargetDependency */,
			);
			name = weathERTests;
			productName = weathERTests;
			productReference = 6551BC5F25E8018300FC4468 /* weathERTests.xctest */;
			productType = "com.apple.product-type.bundle.unit-test";
		};
		6551BC6925E8018300FC4468 /* weathERUITests */ = {
			isa = PBXNativeTarget;
			buildConfigurationList = 6551BC7925E8018300FC4468 /* Build configuration list for PBXNativeTarget "weathERUITests" */;
			buildPhases = (
				6551BC6625E8018300FC4468 /* Sources */,
				6551BC6725E8018300FC4468 /* Frameworks */,
				6551BC6825E8018300FC4468 /* Resources */,
			);
			buildRules = (
			);
			dependencies = (
				6551BC6C25E8018300FC4468 /* PBXTargetDependency */,
			);
			name = weathERUITests;
			productName = weathERUITests;
			productReference = 6551BC6A25E8018300FC4468 /* weathERUITests.xctest */;
			productType = "com.apple.product-type.bundle.ui-testing";
		};
/* End PBXNativeTarget section */

/* Begin PBXProject section */
		6551BC4625E8018100FC4468 /* Project object */ = {
			isa = PBXProject;
			attributes = {
				LastSwiftUpdateCheck = 1240;
				LastUpgradeCheck = 1240;
				TargetAttributes = {
					6551BC4D25E8018100FC4468 = {
						CreatedOnToolsVersion = 12.4;
					};
					6551BC5E25E8018300FC4468 = {
						CreatedOnToolsVersion = 12.4;
						TestTargetID = 6551BC4D25E8018100FC4468;
					};
					6551BC6925E8018300FC4468 = {
						CreatedOnToolsVersion = 12.4;
						TestTargetID = 6551BC4D25E8018100FC4468;
					};
				};
			};
			buildConfigurationList = 6551BC4925E8018100FC4468 /* Build configuration list for PBXProject "weathER" */;
			compatibilityVersion = "Xcode 9.3";
			developmentRegion = en;
			hasScannedForEncodings = 0;
			knownRegions = (
				en,
				Base,
				it,
			);
			mainGroup = 6551BC4525E8018100FC4468;
			packageReferences = (
				6584A89125E8083700F03261 /* XCRemoteSwiftPackageReference "Alamofire" */,
			);
			productRefGroup = 6551BC4F25E8018100FC4468 /* Products */;
			projectDirPath = "";
			projectRoot = "";
			targets = (
				6551BC4D25E8018100FC4468 /* weathER */,
				6551BC5E25E8018300FC4468 /* weathERTests */,
				6551BC6925E8018300FC4468 /* weathERUITests */,
			);
		};
/* End PBXProject section */

/* Begin PBXResourcesBuildPhase section */
		6551BC4C25E8018100FC4468 /* Resources */ = {
			isa = PBXResourcesBuildPhase;
			buildActionMask = 2147483647;
			files = (
				6551BC5925E8018200FC4468 /* Preview Assets.xcassets in Resources */,
				656B87BB25E83D5C002E04B4 /* Localizable.strings in Resources */,
				6551BC5625E8018200FC4468 /* Assets.xcassets in Resources */,
			);
			runOnlyForDeploymentPostprocessing = 0;
		};
		6551BC5D25E8018300FC4468 /* Resources */ = {
			isa = PBXResourcesBuildPhase;
			buildActionMask = 2147483647;
			files = (
			);
			runOnlyForDeploymentPostprocessing = 0;
		};
		6551BC6825E8018300FC4468 /* Resources */ = {
			isa = PBXResourcesBuildPhase;
			buildActionMask = 2147483647;
			files = (
			);
			runOnlyForDeploymentPostprocessing = 0;
		};
/* End PBXResourcesBuildPhase section */

/* Begin PBXSourcesBuildPhase section */
		6551BC4A25E8018100FC4468 /* Sources */ = {
			isa = PBXSourcesBuildPhase;
			buildActionMask = 2147483647;
			files = (
				659ED13B25EC5BC900D38BA6 /* CountryView.swift in Sources */,
				0F1211D425EBD94200E8A190 /* RegionalView.swift in Sources */,
				65D17CDC25ED4C0000160E39 /* CountriesRequest.swift in Sources */,
				659ED13625EC5B8800D38BA6 /* CountryViewModel.swift in Sources */,
				65BAF05325ED6CD80062FD92 /* FakeHtmlView.swift in Sources */,
				6551BC5425E8018100FC4468 /* ContentView.swift in Sources */,
				659ED14025EC5C1F00D38BA6 /* CountryDayView.swift in Sources */,
				659ED12625EC57AB00D38BA6 /* CountryDailyRequest.swift in Sources */,
				65D17CE125ED4CAA00160E39 /* Country.swift in Sources */,
				0F1211BF25EBB9A800E8A190 /* Environment.swift in Sources */,
				659ED12B25EC58AD00D38BA6 /* CountryDay.swift in Sources */,
				6584A8A625E80A9100F03261 /* Forecast.swift in Sources */,
				65D17CE625ED4CF700160E39 /* CountriesView.swift in Sources */,
				659ED14825EC5E0E00D38BA6 /* String+HTMLStripped.swift in Sources */,
				659ED11025EC261400D38BA6 /* String+CapitalizedFirstLetter.swift in Sources */,
				65D17CEB25ED4D4200160E39 /* CountriesViewModel.swift in Sources */,
				65D17CF025ED4D9200160E39 /* UtilsService.swift in Sources */,
				6584A8A825E80A9100F03261 /* RegionalDay.swift in Sources */,
				0F1211D925EBDB0300E8A190 /* UINavigationController+Colors.swift in Sources */,
				6584A8AD25E8207E00F03261 /* RegionalDayView.swift in Sources */,
				0F1211CF25EBD00A00E8A190 /* RegionalViewModel.swift in Sources */,
				0F1211B225EBB8F900E8A190 /* WeatherService.swift in Sources */,
				0F1211B725EBB95900E8A190 /* RegionalDailyRequest.swift in Sources */,
				6551BC5225E8018100FC4468 /* weathERApp.swift in Sources */,
				0F1211C725EBBA1300E8A190 /* BaseRequest.swift in Sources */,
				65BAF05B25ED746B0062FD92 /* Zone.swift in Sources */,
			);
			runOnlyForDeploymentPostprocessing = 0;
		};
		6551BC5B25E8018300FC4468 /* Sources */ = {
			isa = PBXSourcesBuildPhase;
			buildActionMask = 2147483647;
			files = (
				6551BC6425E8018300FC4468 /* weathERTests.swift in Sources */,
			);
			runOnlyForDeploymentPostprocessing = 0;
		};
		6551BC6625E8018300FC4468 /* Sources */ = {
			isa = PBXSourcesBuildPhase;
			buildActionMask = 2147483647;
			files = (
				6551BC6F25E8018300FC4468 /* weathERUITests.swift in Sources */,
			);
			runOnlyForDeploymentPostprocessing = 0;
		};
/* End PBXSourcesBuildPhase section */

/* Begin PBXTargetDependency section */
		6551BC6125E8018300FC4468 /* PBXTargetDependency */ = {
			isa = PBXTargetDependency;
			target = 6551BC4D25E8018100FC4468 /* weathER */;
			targetProxy = 6551BC6025E8018300FC4468 /* PBXContainerItemProxy */;
		};
		6551BC6C25E8018300FC4468 /* PBXTargetDependency */ = {
			isa = PBXTargetDependency;
			target = 6551BC4D25E8018100FC4468 /* weathER */;
			targetProxy = 6551BC6B25E8018300FC4468 /* PBXContainerItemProxy */;
		};
/* End PBXTargetDependency section */

/* Begin PBXVariantGroup section */
		656B87BD25E83D5C002E04B4 /* Localizable.strings */ = {
			isa = PBXVariantGroup;
			children = (
				656B87BC25E83D5C002E04B4 /* en */,
				656B87C125E83D60002E04B4 /* it */,
			);
			name = Localizable.strings;
			sourceTree = "<group>";
		};
/* End PBXVariantGroup section */

/* Begin XCBuildConfiguration section */
		6551BC7125E8018300FC4468 /* Debug */ = {
			isa = XCBuildConfiguration;
			buildSettings = {
				ALWAYS_SEARCH_USER_PATHS = NO;
				CLANG_ANALYZER_NONNULL = YES;
				CLANG_ANALYZER_NUMBER_OBJECT_CONVERSION = YES_AGGRESSIVE;
				CLANG_CXX_LANGUAGE_STANDARD = "gnu++14";
				CLANG_CXX_LIBRARY = "libc++";
				CLANG_ENABLE_MODULES = YES;
				CLANG_ENABLE_OBJC_ARC = YES;
				CLANG_ENABLE_OBJC_WEAK = YES;
				CLANG_WARN_BLOCK_CAPTURE_AUTORELEASING = YES;
				CLANG_WARN_BOOL_CONVERSION = YES;
				CLANG_WARN_COMMA = YES;
				CLANG_WARN_CONSTANT_CONVERSION = YES;
				CLANG_WARN_DEPRECATED_OBJC_IMPLEMENTATIONS = YES;
				CLANG_WARN_DIRECT_OBJC_ISA_USAGE = YES_ERROR;
				CLANG_WARN_DOCUMENTATION_COMMENTS = YES;
				CLANG_WARN_EMPTY_BODY = YES;
				CLANG_WARN_ENUM_CONVERSION = YES;
				CLANG_WARN_INFINITE_RECURSION = YES;
				CLANG_WARN_INT_CONVERSION = YES;
				CLANG_WARN_NON_LITERAL_NULL_CONVERSION = YES;
				CLANG_WARN_OBJC_IMPLICIT_RETAIN_SELF = YES;
				CLANG_WARN_OBJC_LITERAL_CONVERSION = YES;
				CLANG_WARN_OBJC_ROOT_CLASS = YES_ERROR;
				CLANG_WARN_QUOTED_INCLUDE_IN_FRAMEWORK_HEADER = YES;
				CLANG_WARN_RANGE_LOOP_ANALYSIS = YES;
				CLANG_WARN_STRICT_PROTOTYPES = YES;
				CLANG_WARN_SUSPICIOUS_MOVE = YES;
				CLANG_WARN_UNGUARDED_AVAILABILITY = YES_AGGRESSIVE;
				CLANG_WARN_UNREACHABLE_CODE = YES;
				CLANG_WARN__DUPLICATE_METHOD_MATCH = YES;
				COPY_PHASE_STRIP = NO;
				DEBUG_INFORMATION_FORMAT = dwarf;
				ENABLE_STRICT_OBJC_MSGSEND = YES;
				ENABLE_TESTABILITY = YES;
				GCC_C_LANGUAGE_STANDARD = gnu11;
				GCC_DYNAMIC_NO_PIC = NO;
				GCC_NO_COMMON_BLOCKS = YES;
				GCC_OPTIMIZATION_LEVEL = 0;
				GCC_PREPROCESSOR_DEFINITIONS = (
					"DEBUG=1",
					"$(inherited)",
				);
				GCC_WARN_64_TO_32_BIT_CONVERSION = YES;
				GCC_WARN_ABOUT_RETURN_TYPE = YES_ERROR;
				GCC_WARN_UNDECLARED_SELECTOR = YES;
				GCC_WARN_UNINITIALIZED_AUTOS = YES_AGGRESSIVE;
				GCC_WARN_UNUSED_FUNCTION = YES;
				GCC_WARN_UNUSED_VARIABLE = YES;
				IPHONEOS_DEPLOYMENT_TARGET = 14.4;
				MTL_ENABLE_DEBUG_INFO = INCLUDE_SOURCE;
				MTL_FAST_MATH = YES;
				ONLY_ACTIVE_ARCH = YES;
				SDKROOT = iphoneos;
				SWIFT_ACTIVE_COMPILATION_CONDITIONS = DEBUG;
				SWIFT_OPTIMIZATION_LEVEL = "-Onone";
			};
			name = Debug;
		};
		6551BC7225E8018300FC4468 /* Release */ = {
			isa = XCBuildConfiguration;
			buildSettings = {
				ALWAYS_SEARCH_USER_PATHS = NO;
				CLANG_ANALYZER_NONNULL = YES;
				CLANG_ANALYZER_NUMBER_OBJECT_CONVERSION = YES_AGGRESSIVE;
				CLANG_CXX_LANGUAGE_STANDARD = "gnu++14";
				CLANG_CXX_LIBRARY = "libc++";
				CLANG_ENABLE_MODULES = YES;
				CLANG_ENABLE_OBJC_ARC = YES;
				CLANG_ENABLE_OBJC_WEAK = YES;
				CLANG_WARN_BLOCK_CAPTURE_AUTORELEASING = YES;
				CLANG_WARN_BOOL_CONVERSION = YES;
				CLANG_WARN_COMMA = YES;
				CLANG_WARN_CONSTANT_CONVERSION = YES;
				CLANG_WARN_DEPRECATED_OBJC_IMPLEMENTATIONS = YES;
				CLANG_WARN_DIRECT_OBJC_ISA_USAGE = YES_ERROR;
				CLANG_WARN_DOCUMENTATION_COMMENTS = YES;
				CLANG_WARN_EMPTY_BODY = YES;
				CLANG_WARN_ENUM_CONVERSION = YES;
				CLANG_WARN_INFINITE_RECURSION = YES;
				CLANG_WARN_INT_CONVERSION = YES;
				CLANG_WARN_NON_LITERAL_NULL_CONVERSION = YES;
				CLANG_WARN_OBJC_IMPLICIT_RETAIN_SELF = YES;
				CLANG_WARN_OBJC_LITERAL_CONVERSION = YES;
				CLANG_WARN_OBJC_ROOT_CLASS = YES_ERROR;
				CLANG_WARN_QUOTED_INCLUDE_IN_FRAMEWORK_HEADER = YES;
				CLANG_WARN_RANGE_LOOP_ANALYSIS = YES;
				CLANG_WARN_STRICT_PROTOTYPES = YES;
				CLANG_WARN_SUSPICIOUS_MOVE = YES;
				CLANG_WARN_UNGUARDED_AVAILABILITY = YES_AGGRESSIVE;
				CLANG_WARN_UNREACHABLE_CODE = YES;
				CLANG_WARN__DUPLICATE_METHOD_MATCH = YES;
				COPY_PHASE_STRIP = NO;
				DEBUG_INFORMATION_FORMAT = "dwarf-with-dsym";
				ENABLE_NS_ASSERTIONS = NO;
				ENABLE_STRICT_OBJC_MSGSEND = YES;
				GCC_C_LANGUAGE_STANDARD = gnu11;
				GCC_NO_COMMON_BLOCKS = YES;
				GCC_WARN_64_TO_32_BIT_CONVERSION = YES;
				GCC_WARN_ABOUT_RETURN_TYPE = YES_ERROR;
				GCC_WARN_UNDECLARED_SELECTOR = YES;
				GCC_WARN_UNINITIALIZED_AUTOS = YES_AGGRESSIVE;
				GCC_WARN_UNUSED_FUNCTION = YES;
				GCC_WARN_UNUSED_VARIABLE = YES;
				IPHONEOS_DEPLOYMENT_TARGET = 14.4;
				MTL_ENABLE_DEBUG_INFO = NO;
				MTL_FAST_MATH = YES;
				SDKROOT = iphoneos;
				SWIFT_COMPILATION_MODE = wholemodule;
				SWIFT_OPTIMIZATION_LEVEL = "-O";
				VALIDATE_PRODUCT = YES;
			};
			name = Release;
		};
		6551BC7425E8018300FC4468 /* Debug */ = {
			isa = XCBuildConfiguration;
			buildSettings = {
				ASSETCATALOG_COMPILER_APPICON_NAME = AppIcon;
				ASSETCATALOG_COMPILER_GLOBAL_ACCENT_COLOR_NAME = AccentColor;
				CODE_SIGN_STYLE = Automatic;
				DEVELOPMENT_ASSET_PATHS = "\"weathER/Preview Content\"";
				DEVELOPMENT_TEAM = DJ6W8RXUX6;
				ENABLE_PREVIEWS = YES;
				INFOPLIST_FILE = weathER/SupportingFiles/Info.plist;
				IPHONEOS_DEPLOYMENT_TARGET = 14.0;
				LD_RUNPATH_SEARCH_PATHS = (
					"$(inherited)",
					"@executable_path/Frameworks",
				);
				PRODUCT_BUNDLE_IDENTIFIER = it.anmartini.weathER;
				PRODUCT_NAME = "$(TARGET_NAME)";
				SWIFT_VERSION = 5.0;
				TARGETED_DEVICE_FAMILY = "1,2";
			};
			name = Debug;
		};
		6551BC7525E8018300FC4468 /* Release */ = {
			isa = XCBuildConfiguration;
			buildSettings = {
				ASSETCATALOG_COMPILER_APPICON_NAME = AppIcon;
				ASSETCATALOG_COMPILER_GLOBAL_ACCENT_COLOR_NAME = AccentColor;
				CODE_SIGN_STYLE = Automatic;
				DEVELOPMENT_ASSET_PATHS = "\"weathER/Preview Content\"";
				DEVELOPMENT_TEAM = DJ6W8RXUX6;
				ENABLE_PREVIEWS = YES;
				INFOPLIST_FILE = weathER/SupportingFiles/Info.plist;
				IPHONEOS_DEPLOYMENT_TARGET = 14.0;
				LD_RUNPATH_SEARCH_PATHS = (
					"$(inherited)",
					"@executable_path/Frameworks",
				);
				PRODUCT_BUNDLE_IDENTIFIER = it.anmartini.weathER;
				PRODUCT_NAME = "$(TARGET_NAME)";
				SWIFT_VERSION = 5.0;
				TARGETED_DEVICE_FAMILY = "1,2";
			};
			name = Release;
		};
		6551BC7725E8018300FC4468 /* Debug */ = {
			isa = XCBuildConfiguration;
			buildSettings = {
				ALWAYS_EMBED_SWIFT_STANDARD_LIBRARIES = YES;
				BUNDLE_LOADER = "$(TEST_HOST)";
				CODE_SIGN_STYLE = Automatic;
				DEVELOPMENT_TEAM = DJ6W8RXUX6;
				INFOPLIST_FILE = weathERTests/Info.plist;
				IPHONEOS_DEPLOYMENT_TARGET = 14.0;
				LD_RUNPATH_SEARCH_PATHS = (
					"$(inherited)",
					"@executable_path/Frameworks",
					"@loader_path/Frameworks",
				);
				PRODUCT_BUNDLE_IDENTIFIER = it.anmartini.weathERTests;
				PRODUCT_NAME = "$(TARGET_NAME)";
				SWIFT_VERSION = 5.0;
				TARGETED_DEVICE_FAMILY = "1,2";
				TEST_HOST = "$(BUILT_PRODUCTS_DIR)/weathER.app/weathER";
			};
			name = Debug;
		};
		6551BC7825E8018300FC4468 /* Release */ = {
			isa = XCBuildConfiguration;
			buildSettings = {
				ALWAYS_EMBED_SWIFT_STANDARD_LIBRARIES = YES;
				BUNDLE_LOADER = "$(TEST_HOST)";
				CODE_SIGN_STYLE = Automatic;
				DEVELOPMENT_TEAM = DJ6W8RXUX6;
				INFOPLIST_FILE = weathERTests/Info.plist;
				IPHONEOS_DEPLOYMENT_TARGET = 14.0;
				LD_RUNPATH_SEARCH_PATHS = (
					"$(inherited)",
					"@executable_path/Frameworks",
					"@loader_path/Frameworks",
				);
				PRODUCT_BUNDLE_IDENTIFIER = it.anmartini.weathERTests;
				PRODUCT_NAME = "$(TARGET_NAME)";
				SWIFT_VERSION = 5.0;
				TARGETED_DEVICE_FAMILY = "1,2";
				TEST_HOST = "$(BUILT_PRODUCTS_DIR)/weathER.app/weathER";
			};
			name = Release;
		};
		6551BC7A25E8018300FC4468 /* Debug */ = {
			isa = XCBuildConfiguration;
			buildSettings = {
				ALWAYS_EMBED_SWIFT_STANDARD_LIBRARIES = YES;
				CODE_SIGN_STYLE = Automatic;
				DEVELOPMENT_TEAM = DJ6W8RXUX6;
				INFOPLIST_FILE = weathERUITests/Info.plist;
				LD_RUNPATH_SEARCH_PATHS = (
					"$(inherited)",
					"@executable_path/Frameworks",
					"@loader_path/Frameworks",
				);
				PRODUCT_BUNDLE_IDENTIFIER = it.anmartini.weathERUITests;
				PRODUCT_NAME = "$(TARGET_NAME)";
				SWIFT_VERSION = 5.0;
				TARGETED_DEVICE_FAMILY = "1,2";
				TEST_TARGET_NAME = weathER;
			};
			name = Debug;
		};
		6551BC7B25E8018300FC4468 /* Release */ = {
			isa = XCBuildConfiguration;
			buildSettings = {
				ALWAYS_EMBED_SWIFT_STANDARD_LIBRARIES = YES;
				CODE_SIGN_STYLE = Automatic;
				DEVELOPMENT_TEAM = DJ6W8RXUX6;
				INFOPLIST_FILE = weathERUITests/Info.plist;
				LD_RUNPATH_SEARCH_PATHS = (
					"$(inherited)",
					"@executable_path/Frameworks",
					"@loader_path/Frameworks",
				);
				PRODUCT_BUNDLE_IDENTIFIER = it.anmartini.weathERUITests;
				PRODUCT_NAME = "$(TARGET_NAME)";
				SWIFT_VERSION = 5.0;
				TARGETED_DEVICE_FAMILY = "1,2";
				TEST_TARGET_NAME = weathER;
			};
			name = Release;
		};
/* End XCBuildConfiguration section */

/* Begin XCConfigurationList section */
		6551BC4925E8018100FC4468 /* Build configuration list for PBXProject "weathER" */ = {
			isa = XCConfigurationList;
			buildConfigurations = (
				6551BC7125E8018300FC4468 /* Debug */,
				6551BC7225E8018300FC4468 /* Release */,
			);
			defaultConfigurationIsVisible = 0;
			defaultConfigurationName = Release;
		};
		6551BC7325E8018300FC4468 /* Build configuration list for PBXNativeTarget "weathER" */ = {
			isa = XCConfigurationList;
			buildConfigurations = (
				6551BC7425E8018300FC4468 /* Debug */,
				6551BC7525E8018300FC4468 /* Release */,
			);
			defaultConfigurationIsVisible = 0;
			defaultConfigurationName = Release;
		};
		6551BC7625E8018300FC4468 /* Build configuration list for PBXNativeTarget "weathERTests" */ = {
			isa = XCConfigurationList;
			buildConfigurations = (
				6551BC7725E8018300FC4468 /* Debug */,
				6551BC7825E8018300FC4468 /* Release */,
			);
			defaultConfigurationIsVisible = 0;
			defaultConfigurationName = Release;
		};
		6551BC7925E8018300FC4468 /* Build configuration list for PBXNativeTarget "weathERUITests" */ = {
			isa = XCConfigurationList;
			buildConfigurations = (
				6551BC7A25E8018300FC4468 /* Debug */,
				6551BC7B25E8018300FC4468 /* Release */,
			);
			defaultConfigurationIsVisible = 0;
			defaultConfigurationName = Release;
		};
/* End XCConfigurationList section */

/* Begin XCRemoteSwiftPackageReference section */
		6584A89125E8083700F03261 /* XCRemoteSwiftPackageReference "Alamofire" */ = {
			isa = XCRemoteSwiftPackageReference;
			repositoryURL = "https://github.com/Alamofire/Alamofire.git";
			requirement = {
				kind = upToNextMajorVersion;
				minimumVersion = 5.4.1;
			};
		};
/* End XCRemoteSwiftPackageReference section */

/* Begin XCSwiftPackageProductDependency section */
		6584A89225E8083700F03261 /* Alamofire */ = {
			isa = XCSwiftPackageProductDependency;
			package = 6584A89125E8083700F03261 /* XCRemoteSwiftPackageReference "Alamofire" */;
			productName = Alamofire;
		};
/* End XCSwiftPackageProductDependency section */
	};
	rootObject = 6551BC4625E8018100FC4468 /* Project object */;
}
